
Microsoft Visual Studio Solution File, Format Version 12.00
# Visual Studio Version 16
VisualStudioVersion = 16.0.31727.386
MinimumVisualStudioVersion = 10.0.40219.1
Project("{8BC9CEB8-8B4A-11D0-8D11-00A0C91BC942}") = "ex1_q1", "ex1_q1\ex1_q1.vcxproj", "{6B1791A5-6E4A-4036-8510-F316681F73FB}"
EndProject
Global
	GlobalSection(SolutionConfigurationPlatforms) = preSolution
		Debug|x64 = Debug|x64
		Debug|x86 = Debug|x86
		Release|x64 = Release|x64
		Release|x86 = Release|x86
	EndGlobalSection
	GlobalSection(ProjectConfigurationPlatforms) = postSolution
		{6B1791A5-6E4A-4036-8510-F316681F73FB}.Debug|x64.ActiveCfg = Debug|x64
		{6B1791A5-6E4A-4036-8510-F316681F73FB}.Debug|x64.Build.0 = Debug|x64
		{6B1791A5-6E4A-4036-8510-F316681F73FB}.Debug|x86.ActiveCfg = Debug|Win32
		{6B1791A5-6E4A-4036-8510-F316681F73FB}.Debug|x86.Build.0 = Debug|Win32
		{6B1791A5-6E4A-4036-8510-F316681F73FB}.Release|x64.ActiveCfg = Release|x64
		{6B1791A5-6E4A-4036-8510-F316681F73FB}.Release|x64.Build.0 = Release|x64
		{6B1791A5-6E4A-4036-8510-F316681F73FB}.Release|x86.ActiveCfg = Release|Win32
		{6B1791A5-6E4A-4036-8510-F316681F73FB}.Release|x86.Build.0 = Release|Win32
	EndGlobalSection
	GlobalSection(SolutionProperties) = preSolution
		HideSolutionNode = FALSE
	EndGlobalSection
	GlobalSection(ExtensibilityGlobals) = postSolution
		SolutionGuid = {D1A428ED-1CB7-41F6-9033-B9DC6A50FE6B}
	EndGlobalSection
EndGlobal
